{
  "object": {
    "pins": [
      {
        "package": "GoogleAPIClientForREST",
        "repositoryURL": "https://github.com/google/google-api-objectivec-client-for-rest.git",
        "state": {
          "branch": "master",
          "revision": "4a816ec2fee215bfff66367fa1aca194813540e5",
          "version": null
        }
      },
      {
        "package": "GTMSessionFetcher",
        "repositoryURL": "https://github.com/google/gtm-session-fetcher.git",
        "state": {
          "branch": null,
          "revision": "1d4ef59335abfccee6150ca5c9b436c17c801fa9",
          "version": "1.4.0"
        }
      }
    ]
  },
  "version": 1
}
