// !$*UTF8*$!
{
	archiveVersion = 1;
	classes = {
	};
	objectVersion = 52;
	objects = {

/* Begin PBXBuildFile section */
		4A4547AD2521F2CE0022988A /* GoogleDriveSPMTestApp.swift in Sources */ = {isa = PBXBuildFile; fileRef = 4A4547AC2521F2CE0022988A /* GoogleDriveSPMTestApp.swift */; };
		4A4547AF2521F2CE0022988A /* ContentView.swift in Sources */ = {isa = PBXBuildFile; fileRef = 4A4547AE2521F2CE0022988A /* ContentView.swift */; };
		4A4547B12521F2CF0022988A /* Assets.xcassets in Resources */ = {isa = PBXBuildFile; fileRef = 4A4547B02521F2CF0022988A /* Assets.xcassets */; };
		4A4547B42521F2CF0022988A /* Preview Assets.xcassets in Resources */ = {isa = PBXBuildFile; fileRef = 4A4547B32521F2CF0022988A /* Preview Assets.xcassets */; };
		4A4547BE2521F33B0022988A /* GoogleAPIClientForREST_Drive in Frameworks */ = {isa = PBXBuildFile; productRef = 4A4547BD2521F33B0022988A /* GoogleAPIClientForREST_Drive */; };
/* End PBXBuildFile section */

/* Begin PBXFileReference section */
		4A4547A92521F2CE0022988A /* GoogleDriveSPMTest.app */ = {isa = PBXFileReference; explicitFileType = wrapper.application; includeInIndex = 0; path = GoogleDriveSPMTest.app; sourceTree = BUILT_PRODUCTS_DIR; };
		4A4547AC2521F2CE0022988A /* GoogleDriveSPMTestApp.swift */ = {isa = PBXFileReference; lastKnownFileType = sourcecode.swift; path = GoogleDriveSPMTestApp.swift; sourceTree = "<group>"; };
		4A4547AE2521F2CE0022988A /* ContentView.swift */ = {isa = PBXFileReference; lastKnownFileType = sourcecode.swift; path = ContentView.swift; sourceTree = "<group>"; };
		4A4547B02521F2CF0022988A /* Assets.xcassets */ = {isa = PBXFileReference; lastKnownFileType = folder.assetcatalog; path = Assets.xcassets; sourceTree = "<group>"; };
		4A4547B32521F2CF0022988A /* Preview Assets.xcassets */ = {isa = PBXFileReference; lastKnownFileType = folder.assetcatalog; path = "Preview Assets.xcassets"; sourceTree = "<group>"; };
		4A4547B52521F2CF0022988A /* Info.plist */ = {isa = PBXFileReference; lastKnownFileType = text.plist.xml; path = Info.plist; sourceTree = "<group>"; };
/* End PBXFileReference section */

/* Begin PBXFrameworksBuildPhase section */
		4A4547A62521F2CE0022988A /* Frameworks */ = {
			isa = PBXFrameworksBuildPhase;
			buildActionMask = 2147483647;
			files = (
				4A4547BE2521F33B0022988A /* GoogleAPIClientForREST_Drive in Frameworks */,
			);
			runOnlyForDeploymentPostprocessing = 0;
		};
/* End PBXFrameworksBuildPhase section */

/* Begin PBXGroup section */
		4A4547A02521F2CE0022988A = {
			isa = PBXGroup;
			children = (
				4A4547AB2521F2CE0022988A /* GoogleDriveSPMTest */,
				4A4547AA2521F2CE0022988A /* Products */,
			);
			sourceTree = "<group>";
		};
		4A4547AA2521F2CE0022988A /* Products */ = {
			isa = PBXGroup;
			children = (
				4A4547A92521F2CE0022988A /* GoogleDriveSPMTest.app */,
			);
			name = Products;
			sourceTree = "<group>";
		};
		4A4547AB2521F2CE0022988A /* GoogleDriveSPMTest */ = {
			isa = PBXGroup;
			children = (
				4A4547AC2521F2CE0022988A /* GoogleDriveSPMTestApp.swift */,
				4A4547AE2521F2CE0022988A /* ContentView.swift */,
				4A4547B02521F2CF0022988A /* Assets.xcassets */,
				4A4547B52521F2CF0022988A /* Info.plist */,
				4A4547B22521F2CF0022988A /* Preview Content */,
			);
			path = GoogleDriveSPMTest;
			sourceTree = "<group>";
		};
		4A4547B22521F2CF0022988A /* Preview Content */ = {
			isa = PBXGroup;
			children = (
				4A4547B32521F2CF0022988A /* Preview Assets.xcassets */,
			);
			path = "Preview Content";
			sourceTree = "<group>";
		};
/* End PBXGroup section */

/* Begin PBXNativeTarget section */
		4A4547A82521F2CE0022988A /* GoogleDriveSPMTest */ = {
			isa = PBXNativeTarget;
			buildConfigurationList = 4A4547B82521F2CF0022988A /* Build configuration list for PBXNativeTarget "GoogleDriveSPMTest" */;
			buildPhases = (
				4A4547A52521F2CE0022988A /* Sources */,
				4A4547A62521F2CE0022988A /* Frameworks */,
				4A4547A72521F2CE0022988A /* Resources */,
			);
			buildRules = (
			);
			dependencies = (
			);
			name = GoogleDriveSPMTest;
			packageProductDependencies = (
				4A4547BD2521F33B0022988A /* GoogleAPIClientForREST_Drive */,
			);
			productName = GoogleDriveSPMTest;
			productReference = 4A4547A92521F2CE0022988A /* GoogleDriveSPMTest.app */;
			productType = "com.apple.product-type.application";
		};
/* End PBXNativeTarget section */

/* Begin PBXProject section */
		4A4547A12521F2CE0022988A /* Project object */ = {
			isa = PBXProject;
			attributes = {
				LastSwiftUpdateCheck = 1200;
				LastUpgradeCheck = 1200;
				TargetAttributes = {
					4A4547A82521F2CE0022988A = {
						CreatedOnToolsVersion = 12.0.1;
					};
				};
			};
			buildConfigurationList = 4A4547A42521F2CE0022988A /* Build configuration list for PBXProject "GoogleDriveSPMTest" */;
			compatibilityVersion = "Xcode 9.3";
			developmentRegion = en;
			hasScannedForEncodings = 0;
			knownRegions = (
				en,
				Base,
			);
			mainGroup = 4A4547A02521F2CE0022988A;
			packageReferences = (
				4A4547BC2521F33B0022988A /* XCRemoteSwiftPackageReference "google-api-objectivec-client-for-rest" */,
			);
			productRefGroup = 4A4547AA2521F2CE0022988A /* Products */;
			projectDirPath = "";
			projectRoot = "";
			targets = (
				4A4547A82521F2CE0022988A /* GoogleDriveSPMTest */,
			);
		};
/* End PBXProject section */

/* Begin PBXResourcesBuildPhase section */
		4A4547A72521F2CE0022988A /* Resources */ = {
			isa = PBXResourcesBuildPhase;
			buildActionMask = 2147483647;
			files = (
				4A4547B42521F2CF0022988A /* Preview Assets.xcassets in Resources */,
				4A4547B12521F2CF0022988A /* Assets.xcassets in Resources */,
			);
			runOnlyForDeploymentPostprocessing = 0;
		};
/* End PBXResourcesBuildPhase section */

/* Begin PBXSourcesBuildPhase section */
		4A4547A52521F2CE0022988A /* Sources */ = {
			isa = PBXSourcesBuildPhase;
			buildActionMask = 2147483647;
			files = (
				4A4547AF2521F2CE0022988A /* ContentView.swift in Sources */,
				4A4547AD2521F2CE0022988A /* GoogleDriveSPMTestApp.swift in Sources */,
			);
			runOnlyForDeploymentPostprocessing = 0;
		};
/* End PBXSourcesBuildPhase section */

/* Begin XCBuildConfiguration section */
		4A4547B62521F2CF0022988A /* Debug */ = {
			isa = XCBuildConfiguration;
			buildSettings = {
				ALWAYS_SEARCH_USER_PATHS = NO;
				CLANG_ANALYZER_NONNULL = YES;
				CLANG_ANALYZER_NUMBER_OBJECT_CONVERSION = YES_AGGRESSIVE;
				CLANG_CXX_LANGUAGE_STANDARD = "gnu++14";
				CLANG_CXX_LIBRARY = "libc++";
				CLANG_ENABLE_MODULES = YES;
				CLANG_ENABLE_OBJC_ARC = YES;
				CLANG_ENABLE_OBJC_WEAK = YES;
				CLANG_WARN_BLOCK_CAPTURE_AUTORELEASING = YES;
				CLANG_WARN_BOOL_CONVERSION = YES;
				CLANG_WARN_COMMA = YES;
				CLANG_WARN_CONSTANT_CONVERSION = YES;
				CLANG_WARN_DEPRECATED_OBJC_IMPLEMENTATIONS = YES;
				CLANG_WARN_DIRECT_OBJC_ISA_USAGE = YES_ERROR;
				CLANG_WARN_DOCUMENTATION_COMMENTS = YES;
				CLANG_WARN_EMPTY_BODY = YES;
				CLANG_WARN_ENUM_CONVERSION = YES;
				CLANG_WARN_INFINITE_RECURSION = YES;
				CLANG_WARN_INT_CONVERSION = YES;
				CLANG_WARN_NON_LITERAL_NULL_CONVERSION = YES;
				CLANG_WARN_OBJC_IMPLICIT_RETAIN_SELF = YES;
				CLANG_WARN_OBJC_LITERAL_CONVERSION = YES;
				CLANG_WARN_OBJC_ROOT_CLASS = YES_ERROR;
				CLANG_WARN_QUOTED_INCLUDE_IN_FRAMEWORK_HEADER = YES;
				CLANG_WARN_RANGE_LOOP_ANALYSIS = YES;
				CLANG_WARN_STRICT_PROTOTYPES = YES;
				CLANG_WARN_SUSPICIOUS_MOVE = YES;
				CLANG_WARN_UNGUARDED_AVAILABILITY = YES_AGGRESSIVE;
				CLANG_WARN_UNREACHABLE_CODE = YES;
				CLANG_WARN__DUPLICATE_METHOD_MATCH = YES;
				COPY_PHASE_STRIP = NO;
				DEBUG_INFORMATION_FORMAT = dwarf;
				ENABLE_STRICT_OBJC_MSGSEND = YES;
				ENABLE_TESTABILITY = YES;
				GCC_C_LANGUAGE_STANDARD = gnu11;
				GCC_DYNAMIC_NO_PIC = NO;
				GCC_NO_COMMON_BLOCKS = YES;
				GCC_OPTIMIZATION_LEVEL = 0;
				GCC_PREPROCESSOR_DEFINITIONS = (
					"DEBUG=1",
					"$(inherited)",
				);
				GCC_WARN_64_TO_32_BIT_CONVERSION = YES;
				GCC_WARN_ABOUT_RETURN_TYPE = YES_ERROR;
				GCC_WARN_UNDECLARED_SELECTOR = YES;
				GCC_WARN_UNINITIALIZED_AUTOS = YES_AGGRESSIVE;
				GCC_WARN_UNUSED_FUNCTION = YES;
				GCC_WARN_UNUSED_VARIABLE = YES;
				IPHONEOS_DEPLOYMENT_TARGET = 14.0;
				MTL_ENABLE_DEBUG_INFO = INCLUDE_SOURCE;
				MTL_FAST_MATH = YES;
				ONLY_ACTIVE_ARCH = YES;
				SDKROOT = iphoneos;
				SWIFT_ACTIVE_COMPILATION_CONDITIONS = DEBUG;
				SWIFT_OPTIMIZATION_LEVEL = "-Onone";
			};
			name = Debug;
		};
		4A4547B72521F2CF0022988A /* Release */ = {
			isa = XCBuildConfiguration;
			buildSettings = {
				ALWAYS_SEARCH_USER_PATHS = NO;
				CLANG_ANALYZER_NONNULL = YES;
				CLANG_ANALYZER_NUMBER_OBJECT_CONVERSION = YES_AGGRESSIVE;
				CLANG_CXX_LANGUAGE_STANDARD = "gnu++14";
				CLANG_CXX_LIBRARY = "libc++";
				CLANG_ENABLE_MODULES = YES;
				CLANG_ENABLE_OBJC_ARC = YES;
				CLANG_ENABLE_OBJC_WEAK = YES;
				CLANG_WARN_BLOCK_CAPTURE_AUTORELEASING = YES;
				CLANG_WARN_BOOL_CONVERSION = YES;
				CLANG_WARN_COMMA = YES;
				CLANG_WARN_CONSTANT_CONVERSION = YES;
				CLANG_WARN_DEPRECATED_OBJC_IMPLEMENTATIONS = YES;
				CLANG_WARN_DIRECT_OBJC_ISA_USAGE = YES_ERROR;
				CLANG_WARN_DOCUMENTATION_COMMENTS = YES;
				CLANG_WARN_EMPTY_BODY = YES;
				CLANG_WARN_ENUM_CONVERSION = YES;
				CLANG_WARN_INFINITE_RECURSION = YES;
				CLANG_WARN_INT_CONVERSION = YES;
				CLANG_WARN_NON_LITERAL_NULL_CONVERSION = YES;
				CLANG_WARN_OBJC_IMPLICIT_RETAIN_SELF = YES;
				CLANG_WARN_OBJC_LITERAL_CONVERSION = YES;
				CLANG_WARN_OBJC_ROOT_CLASS = YES_ERROR;
				CLANG_WARN_QUOTED_INCLUDE_IN_FRAMEWORK_HEADER = YES;
				CLANG_WARN_RANGE_LOOP_ANALYSIS = YES;
				CLANG_WARN_STRICT_PROTOTYPES = YES;
				CLANG_WARN_SUSPICIOUS_MOVE = YES;
				CLANG_WARN_UNGUARDED_AVAILABILITY = YES_AGGRESSIVE;
				CLANG_WARN_UNREACHABLE_CODE = YES;
				CLANG_WARN__DUPLICATE_METHOD_MATCH = YES;
				COPY_PHASE_STRIP = NO;
				DEBUG_INFORMATION_FORMAT = "dwarf-with-dsym";
				ENABLE_NS_ASSERTIONS = NO;
				ENABLE_STRICT_OBJC_MSGSEND = YES;
				GCC_C_LANGUAGE_STANDARD = gnu11;
				GCC_NO_COMMON_BLOCKS = YES;
				GCC_WARN_64_TO_32_BIT_CONVERSION = YES;
				GCC_WARN_ABOUT_RETURN_TYPE = YES_ERROR;
				GCC_WARN_UNDECLARED_SELECTOR = YES;
				GCC_WARN_UNINITIALIZED_AUTOS = YES_AGGRESSIVE;
				GCC_WARN_UNUSED_FUNCTION = YES;
				GCC_WARN_UNUSED_VARIABLE = YES;
				IPHONEOS_DEPLOYMENT_TARGET = 14.0;
				MTL_ENABLE_DEBUG_INFO = NO;
				MTL_FAST_MATH = YES;
				SDKROOT = iphoneos;
				SWIFT_COMPILATION_MODE = wholemodule;
				SWIFT_OPTIMIZATION_LEVEL = "-O";
				VALIDATE_PRODUCT = YES;
			};
			name = Release;
		};
		4A4547B92521F2CF0022988A /* Debug */ = {
			isa = XCBuildConfiguration;
			buildSettings = {
				ASSETCATALOG_COMPILER_APPICON_NAME = AppIcon;
				ASSETCATALOG_COMPILER_GLOBAL_ACCENT_COLOR_NAME = AccentColor;
				CODE_SIGN_STYLE = Automatic;
				DEVELOPMENT_ASSET_PATHS = "\"GoogleDriveSPMTest/Preview Content\"";
				DEVELOPMENT_TEAM = FZ53285T8H;
				ENABLE_PREVIEWS = YES;
				INFOPLIST_FILE = GoogleDriveSPMTest/Info.plist;
				IPHONEOS_DEPLOYMENT_TARGET = 14.0;
				LD_RUNPATH_SEARCH_PATHS = (
					"$(inherited)",
					"@executable_path/Frameworks",
				);
				PRODUCT_BUNDLE_IDENTIFIER = de.pscoding.GoogleDriveSPMTest;
				PRODUCT_NAME = "$(TARGET_NAME)";
				SWIFT_VERSION = 5.0;
				TARGETED_DEVICE_FAMILY = "1,2";
			};
			name = Debug;
		};
		4A4547BA2521F2CF0022988A /* Release */ = {
			isa = XCBuildConfiguration;
			buildSettings = {
				ASSETCATALOG_COMPILER_APPICON_NAME = AppIcon;
				ASSETCATALOG_COMPILER_GLOBAL_ACCENT_COLOR_NAME = AccentColor;
				CODE_SIGN_STYLE = Automatic;
				DEVELOPMENT_ASSET_PATHS = "\"GoogleDriveSPMTest/Preview Content\"";
				DEVELOPMENT_TEAM = FZ53285T8H;
				ENABLE_PREVIEWS = YES;
				INFOPLIST_FILE = GoogleDriveSPMTest/Info.plist;
				IPHONEOS_DEPLOYMENT_TARGET = 14.0;
				LD_RUNPATH_SEARCH_PATHS = (
					"$(inherited)",
					"@executable_path/Frameworks",
				);
				PRODUCT_BUNDLE_IDENTIFIER = de.pscoding.GoogleDriveSPMTest;
				PRODUCT_NAME = "$(TARGET_NAME)";
				SWIFT_VERSION = 5.0;
				TARGETED_DEVICE_FAMILY = "1,2";
			};
			name = Release;
		};
/* End XCBuildConfiguration section */

/* Begin XCConfigurationList section */
		4A4547A42521F2CE0022988A /* Build configuration list for PBXProject "GoogleDriveSPMTest" */ = {
			isa = XCConfigurationList;
			buildConfigurations = (
				4A4547B62521F2CF0022988A /* Debug */,
				4A4547B72521F2CF0022988A /* Release */,
			);
			defaultConfigurationIsVisible = 0;
			defaultConfigurationName = Release;
		};
		4A4547B82521F2CF0022988A /* Build configuration list for PBXNativeTarget "GoogleDriveSPMTest" */ = {
			isa = XCConfigurationList;
			buildConfigurations = (
				4A4547B92521F2CF0022988A /* Debug */,
				4A4547BA2521F2CF0022988A /* Release */,
			);
			defaultConfigurationIsVisible = 0;
			defaultConfigurationName = Release;
		};
/* End XCConfigurationList section */

/* Begin XCRemoteSwiftPackageReference section */
		4A4547BC2521F33B0022988A /* XCRemoteSwiftPackageReference "google-api-objectivec-client-for-rest" */ = {
			isa = XCRemoteSwiftPackageReference;
			repositoryURL = "https://github.com/google/google-api-objectivec-client-for-rest.git";
			requirement = {
				kind = revision;
				revision = 4a816ec2fee215bfff66367fa1aca194813540e5;
			};
		};
/* End XCRemoteSwiftPackageReference section */

/* Begin XCSwiftPackageProductDependency section */
		4A4547BD2521F33B0022988A /* GoogleAPIClientForREST_Drive */ = {
			isa = XCSwiftPackageProductDependency;
			package = 4A4547BC2521F33B0022988A /* XCRemoteSwiftPackageReference "google-api-objectivec-client-for-rest" */;
			productName = GoogleAPIClientForREST_Drive;
		};
/* End XCSwiftPackageProductDependency section */
	};
	rootObject = 4A4547A12521F2CE0022988A /* Project object */;
}
